
Microsoft Visual Studio Solution File, Format Version 11.00
# Visual Studio 2010
Project("{FAE04EC0-301F-11D3-BF4B-00C04F79EFBC}") = "WindowsGame6", "WindowsGame6\WindowsGame6\WindowsGame6.csproj", "{D8107DCC-0DA3-475A-A087-F53259D5C2FB}"
EndProject
Project("{96E2B04D-8817-42C6-938A-82C39BA4D311}") = "WindowsGame6Content", "WindowsGame6\WindowsGame6Content\WindowsGame6Content.contentproj", "{4C1BC432-D80F-4BD5-87F0-CC80E438C29C}"
EndProject
Global
	GlobalSection(SolutionConfigurationPlatforms) = preSolution
		Debug|x86 = Debug|x86
		Release|x86 = Release|x86
	EndGlobalSection
	GlobalSection(ProjectConfigurationPlatforms) = postSolution
		{D8107DCC-0DA3-475A-A087-F53259D5C2FB}.Debug|x86.ActiveCfg = Debug|x86
		{D8107DCC-0DA3-475A-A087-F53259D5C2FB}.Debug|x86.Build.0 = Debug|x86
		{D8107DCC-0DA3-475A-A087-F53259D5C2FB}.Release|x86.ActiveCfg = Release|x86
		{D8107DCC-0DA3-475A-A087-F53259D5C2FB}.Release|x86.Build.0 = Release|x86
		{4C1BC432-D80F-4BD5-87F0-CC80E438C29C}.Debug|x86.ActiveCfg = Debug|x86
		{4C1BC432-D80F-4BD5-87F0-CC80E438C29C}.Release|x86.ActiveCfg = Release|x86
	EndGlobalSection
	GlobalSection(SolutionProperties) = preSolution
		HideSolutionNode = FALSE
	EndGlobalSection
EndGlobal
